
Microsoft Visual Studio Solution File, Format Version 12.00
# Visual Studio Version 17
VisualStudioVersion = 17.8.34601.278
MinimumVisualStudioVersion = 10.0.40219.1
Project("{8BC9CEB8-8B4A-11D0-8D11-00A0C91BC942}") = "Project-11-2", "Project-11-2\Project-11-2.vcxproj", "{778827AE-8E87-40C6-BA6A-A1D16453316C}"
EndProject
Global
	GlobalSection(SolutionConfigurationPlatforms) = preSolution
		Debug|x64 = Debug|x64
		Debug|x86 = Debug|x86
		Release|x64 = Release|x64
		Release|x86 = Release|x86
	EndGlobalSection
	GlobalSection(ProjectConfigurationPlatforms) = postSolution
		{778827AE-8E87-40C6-BA6A-A1D16453316C}.Debug|x64.ActiveCfg = Debug|x64
		{778827AE-8E87-40C6-BA6A-A1D16453316C}.Debug|x64.Build.0 = Debug|x64
		{778827AE-8E87-40C6-BA6A-A1D16453316C}.Debug|x86.ActiveCfg = Debug|Win32
		{778827AE-8E87-40C6-BA6A-A1D16453316C}.Debug|x86.Build.0 = Debug|Win32
		{778827AE-8E87-40C6-BA6A-A1D16453316C}.Release|x64.ActiveCfg = Release|x64
		{778827AE-8E87-40C6-BA6A-A1D16453316C}.Release|x64.Build.0 = Release|x64
		{778827AE-8E87-40C6-BA6A-A1D16453316C}.Release|x86.ActiveCfg = Release|Win32
		{778827AE-8E87-40C6-BA6A-A1D16453316C}.Release|x86.Build.0 = Release|Win32
	EndGlobalSection
	GlobalSection(SolutionProperties) = preSolution
		HideSolutionNode = FALSE
	EndGlobalSection
	GlobalSection(ExtensibilityGlobals) = postSolution
		SolutionGuid = {02359555-4442-443F-BBD5-3ED48D356899}
	EndGlobalSection
EndGlobal
