
Microsoft Visual Studio Solution File, Format Version 12.00
# Visual Studio Version 17
VisualStudioVersion = 17.8.34601.278
MinimumVisualStudioVersion = 10.0.40219.1
Project("{8BC9CEB8-8B4A-11D0-8D11-00A0C91BC942}") = "Project-5-5", "Project-5-5\Project-5-5.vcxproj", "{38274080-576F-4078-AAFF-5FC9AA5D3BCD}"
EndProject
Global
	GlobalSection(SolutionConfigurationPlatforms) = preSolution
		Debug|x64 = Debug|x64
		Debug|x86 = Debug|x86
		Release|x64 = Release|x64
		Release|x86 = Release|x86
	EndGlobalSection
	GlobalSection(ProjectConfigurationPlatforms) = postSolution
		{38274080-576F-4078-AAFF-5FC9AA5D3BCD}.Debug|x64.ActiveCfg = Debug|x64
		{38274080-576F-4078-AAFF-5FC9AA5D3BCD}.Debug|x64.Build.0 = Debug|x64
		{38274080-576F-4078-AAFF-5FC9AA5D3BCD}.Debug|x86.ActiveCfg = Debug|Win32
		{38274080-576F-4078-AAFF-5FC9AA5D3BCD}.Debug|x86.Build.0 = Debug|Win32
		{38274080-576F-4078-AAFF-5FC9AA5D3BCD}.Release|x64.ActiveCfg = Release|x64
		{38274080-576F-4078-AAFF-5FC9AA5D3BCD}.Release|x64.Build.0 = Release|x64
		{38274080-576F-4078-AAFF-5FC9AA5D3BCD}.Release|x86.ActiveCfg = Release|Win32
		{38274080-576F-4078-AAFF-5FC9AA5D3BCD}.Release|x86.Build.0 = Release|Win32
	EndGlobalSection
	GlobalSection(SolutionProperties) = preSolution
		HideSolutionNode = FALSE
	EndGlobalSection
	GlobalSection(ExtensibilityGlobals) = postSolution
		SolutionGuid = {5384426C-066A-46B6-AD20-C9982F97179B}
	EndGlobalSection
EndGlobal
