
Microsoft Visual Studio Solution File, Format Version 12.00
# Visual Studio Version 17
VisualStudioVersion = 17.8.34601.278
MinimumVisualStudioVersion = 10.0.40219.1
Project("{8BC9CEB8-8B4A-11D0-8D11-00A0C91BC942}") = "Project-6-3-a", "Project-6-3-a\Project-6-3-a.vcxproj", "{0DD4F613-CBDC-450C-B559-9CFB9AD37F4B}"
EndProject
Global
	GlobalSection(SolutionConfigurationPlatforms) = preSolution
		Debug|x64 = Debug|x64
		Debug|x86 = Debug|x86
		Release|x64 = Release|x64
		Release|x86 = Release|x86
	EndGlobalSection
	GlobalSection(ProjectConfigurationPlatforms) = postSolution
		{0DD4F613-CBDC-450C-B559-9CFB9AD37F4B}.Debug|x64.ActiveCfg = Debug|x64
		{0DD4F613-CBDC-450C-B559-9CFB9AD37F4B}.Debug|x64.Build.0 = Debug|x64
		{0DD4F613-CBDC-450C-B559-9CFB9AD37F4B}.Debug|x86.ActiveCfg = Debug|Win32
		{0DD4F613-CBDC-450C-B559-9CFB9AD37F4B}.Debug|x86.Build.0 = Debug|Win32
		{0DD4F613-CBDC-450C-B559-9CFB9AD37F4B}.Release|x64.ActiveCfg = Release|x64
		{0DD4F613-CBDC-450C-B559-9CFB9AD37F4B}.Release|x64.Build.0 = Release|x64
		{0DD4F613-CBDC-450C-B559-9CFB9AD37F4B}.Release|x86.ActiveCfg = Release|Win32
		{0DD4F613-CBDC-450C-B559-9CFB9AD37F4B}.Release|x86.Build.0 = Release|Win32
	EndGlobalSection
	GlobalSection(SolutionProperties) = preSolution
		HideSolutionNode = FALSE
	EndGlobalSection
	GlobalSection(ExtensibilityGlobals) = postSolution
		SolutionGuid = {8F12A153-1727-424C-AF80-E8CC0E7D7429}
	EndGlobalSection
EndGlobal
