
Microsoft Visual Studio Solution File, Format Version 12.00
# Visual Studio Version 17
VisualStudioVersion = 17.8.34601.278
MinimumVisualStudioVersion = 10.0.40219.1
Project("{8BC9CEB8-8B4A-11D0-8D11-00A0C91BC942}") = "Project2-3-12", "Project2-3-12\Project2-3-12.vcxproj", "{81DEFC32-E9F6-465D-BC1D-3B1C26D04892}"
EndProject
Global
	GlobalSection(SolutionConfigurationPlatforms) = preSolution
		Debug|x64 = Debug|x64
		Debug|x86 = Debug|x86
		Release|x64 = Release|x64
		Release|x86 = Release|x86
	EndGlobalSection
	GlobalSection(ProjectConfigurationPlatforms) = postSolution
		{81DEFC32-E9F6-465D-BC1D-3B1C26D04892}.Debug|x64.ActiveCfg = Debug|x64
		{81DEFC32-E9F6-465D-BC1D-3B1C26D04892}.Debug|x64.Build.0 = Debug|x64
		{81DEFC32-E9F6-465D-BC1D-3B1C26D04892}.Debug|x86.ActiveCfg = Debug|Win32
		{81DEFC32-E9F6-465D-BC1D-3B1C26D04892}.Debug|x86.Build.0 = Debug|Win32
		{81DEFC32-E9F6-465D-BC1D-3B1C26D04892}.Release|x64.ActiveCfg = Release|x64
		{81DEFC32-E9F6-465D-BC1D-3B1C26D04892}.Release|x64.Build.0 = Release|x64
		{81DEFC32-E9F6-465D-BC1D-3B1C26D04892}.Release|x86.ActiveCfg = Release|Win32
		{81DEFC32-E9F6-465D-BC1D-3B1C26D04892}.Release|x86.Build.0 = Release|Win32
	EndGlobalSection
	GlobalSection(SolutionProperties) = preSolution
		HideSolutionNode = FALSE
	EndGlobalSection
	GlobalSection(ExtensibilityGlobals) = postSolution
		SolutionGuid = {9A8FE1F1-2033-458B-9FBE-F226D040FC94}
	EndGlobalSection
EndGlobal
