
Microsoft Visual Studio Solution File, Format Version 12.00
# Visual Studio Version 17
VisualStudioVersion = 17.8.34601.278
MinimumVisualStudioVersion = 10.0.40219.1
Project("{8BC9CEB8-8B4A-11D0-8D11-00A0C91BC942}") = "Project3-19", "Project3-19\Project3-19.vcxproj", "{A32FD479-3B70-4776-A089-604CEA042DDA}"
EndProject
Global
	GlobalSection(SolutionConfigurationPlatforms) = preSolution
		Debug|x64 = Debug|x64
		Debug|x86 = Debug|x86
		Release|x64 = Release|x64
		Release|x86 = Release|x86
	EndGlobalSection
	GlobalSection(ProjectConfigurationPlatforms) = postSolution
		{A32FD479-3B70-4776-A089-604CEA042DDA}.Debug|x64.ActiveCfg = Debug|x64
		{A32FD479-3B70-4776-A089-604CEA042DDA}.Debug|x64.Build.0 = Debug|x64
		{A32FD479-3B70-4776-A089-604CEA042DDA}.Debug|x86.ActiveCfg = Debug|Win32
		{A32FD479-3B70-4776-A089-604CEA042DDA}.Debug|x86.Build.0 = Debug|Win32
		{A32FD479-3B70-4776-A089-604CEA042DDA}.Release|x64.ActiveCfg = Release|x64
		{A32FD479-3B70-4776-A089-604CEA042DDA}.Release|x64.Build.0 = Release|x64
		{A32FD479-3B70-4776-A089-604CEA042DDA}.Release|x86.ActiveCfg = Release|Win32
		{A32FD479-3B70-4776-A089-604CEA042DDA}.Release|x86.Build.0 = Release|Win32
	EndGlobalSection
	GlobalSection(SolutionProperties) = preSolution
		HideSolutionNode = FALSE
	EndGlobalSection
	GlobalSection(ExtensibilityGlobals) = postSolution
		SolutionGuid = {26D21AEA-F462-42EC-8742-ABA096894504}
	EndGlobalSection
EndGlobal
